
Microsoft Visual Studio Solution File, Format Version 12.00
# Visual Studio Version 16
VisualStudioVersion = 16.0.29403.142
MinimumVisualStudioVersion = 10.0.40219.1
Project("{9A19103F-16F7-4668-BE54-9A1E7A4F7556}") = "MatchMaker", "MatchMaker\MatchMaker.csproj", "{B891B815-6F4C-4D5C-AB1C-528B34BD6CCE}"
EndProject
Global
	GlobalSection(SolutionConfigurationPlatforms) = preSolution
		Debug|Any CPU = Debug|Any CPU
		Release|Any CPU = Release|Any CPU
	EndGlobalSection
	GlobalSection(ProjectConfigurationPlatforms) = postSolution
		{B891B815-6F4C-4D5C-AB1C-528B34BD6CCE}.Debug|Any CPU.ActiveCfg = Debug|Any CPU
		{B891B815-6F4C-4D5C-AB1C-528B34BD6CCE}.Debug|Any CPU.Build.0 = Debug|Any CPU
		{B891B815-6F4C-4D5C-AB1C-528B34BD6CCE}.Release|Any CPU.ActiveCfg = Release|Any CPU
		{B891B815-6F4C-4D5C-AB1C-528B34BD6CCE}.Release|Any CPU.Build.0 = Release|Any CPU
	EndGlobalSection
	GlobalSection(SolutionProperties) = preSolution
		HideSolutionNode = FALSE
	EndGlobalSection
	GlobalSection(ExtensibilityGlobals) = postSolution
		SolutionGuid = {332BB6B3-23C4-46E5-ABBE-9FED1210671D}
	EndGlobalSection
EndGlobal
